
Microsoft Visual Studio Solution File, Format Version 12.00
# Visual Studio 15
VisualStudioVersion = 15.0.28307.572
MinimumVisualStudioVersion = 10.0.40219.1
Project("{9A19103F-16F7-4668-BE54-9A1E7A4F7556}") = "CinemaTicketBooking", "CinemaTicketBooking\CinemaTicketBooking.csproj", "{13EA3227-D6FF-47A7-92FF-707A1749556C}"
EndProject
Project("{FAE04EC0-301F-11D3-BF4B-00C04F79EFBC}") = "CinemaTicketBookingTest", "CinemaTicketBookingTest\CinemaTicketBookingTest.csproj", "{40D60FDB-F080-4423-A57C-501DA7BD6A16}"
EndProject
Global
	GlobalSection(SolutionConfigurationPlatforms) = preSolution
		Debug|Any CPU = Debug|Any CPU
		Release|Any CPU = Release|Any CPU
	EndGlobalSection
	GlobalSection(ProjectConfigurationPlatforms) = postSolution
		{13EA3227-D6FF-47A7-92FF-707A1749556C}.Debug|Any CPU.ActiveCfg = Debug|Any CPU
		{13EA3227-D6FF-47A7-92FF-707A1749556C}.Debug|Any CPU.Build.0 = Debug|Any CPU
		{13EA3227-D6FF-47A7-92FF-707A1749556C}.Release|Any CPU.ActiveCfg = Release|Any CPU
		{13EA3227-D6FF-47A7-92FF-707A1749556C}.Release|Any CPU.Build.0 = Release|Any CPU
		{40D60FDB-F080-4423-A57C-501DA7BD6A16}.Debug|Any CPU.ActiveCfg = Debug|Any CPU
		{40D60FDB-F080-4423-A57C-501DA7BD6A16}.Debug|Any CPU.Build.0 = Debug|Any CPU
		{40D60FDB-F080-4423-A57C-501DA7BD6A16}.Release|Any CPU.ActiveCfg = Release|Any CPU
		{40D60FDB-F080-4423-A57C-501DA7BD6A16}.Release|Any CPU.Build.0 = Release|Any CPU
	EndGlobalSection
	GlobalSection(SolutionProperties) = preSolution
		HideSolutionNode = FALSE
	EndGlobalSection
	GlobalSection(ExtensibilityGlobals) = postSolution
		SolutionGuid = {F7B62EE5-C0BE-4EB5-B4CE-5DAA6EF6E14B}
	EndGlobalSection
EndGlobal
